
Microsoft Visual Studio Solution File, Format Version 12.00
# Visual Studio Version 16
VisualStudioVersion = 16.0.29728.190
MinimumVisualStudioVersion = 10.0.40219.1
Project("{8BC9CEB8-8B4A-11D0-8D11-00A0C91BC942}") = "Lab2(5)", "Lab2(5)\Lab2(5).vcxproj", "{FD91CBC3-AADB-4A8C-B559-CCCEA29759DE}"
EndProject
Global
	GlobalSection(SolutionConfigurationPlatforms) = preSolution
		Debug|x64 = Debug|x64
		Debug|x86 = Debug|x86
		Release|x64 = Release|x64
		Release|x86 = Release|x86
	EndGlobalSection
	GlobalSection(ProjectConfigurationPlatforms) = postSolution
		{FD91CBC3-AADB-4A8C-B559-CCCEA29759DE}.Debug|x64.ActiveCfg = Debug|x64
		{FD91CBC3-AADB-4A8C-B559-CCCEA29759DE}.Debug|x64.Build.0 = Debug|x64
		{FD91CBC3-AADB-4A8C-B559-CCCEA29759DE}.Debug|x86.ActiveCfg = Debug|Win32
		{FD91CBC3-AADB-4A8C-B559-CCCEA29759DE}.Debug|x86.Build.0 = Debug|Win32
		{FD91CBC3-AADB-4A8C-B559-CCCEA29759DE}.Release|x64.ActiveCfg = Release|x64
		{FD91CBC3-AADB-4A8C-B559-CCCEA29759DE}.Release|x64.Build.0 = Release|x64
		{FD91CBC3-AADB-4A8C-B559-CCCEA29759DE}.Release|x86.ActiveCfg = Release|Win32
		{FD91CBC3-AADB-4A8C-B559-CCCEA29759DE}.Release|x86.Build.0 = Release|Win32
	EndGlobalSection
	GlobalSection(SolutionProperties) = preSolution
		HideSolutionNode = FALSE
	EndGlobalSection
	GlobalSection(ExtensibilityGlobals) = postSolution
		SolutionGuid = {4C8BCF13-E552-4E33-AA07-70ED06BBCADB}
	EndGlobalSection
EndGlobal
